// !$*UTF8*$!
{
	archiveVersion = 1;
	classes = {
	};
	objectVersion = 55;
	objects = {

/* Begin PBXBuildFile section */
		3084DDD42802F66400384911 /* Kingfisher in Frameworks */ = {isa = PBXBuildFile; productRef = 3084DDD32802F66400384911 /* Kingfisher */; };
		30AACAB62801A18900F89096 /* AppDelegate.swift in Sources */ = {isa = PBXBuildFile; fileRef = 30AACAB52801A18900F89096 /* AppDelegate.swift */; };
		30AACAB82801A18900F89096 /* SceneDelegate.swift in Sources */ = {isa = PBXBuildFile; fileRef = 30AACAB72801A18900F89096 /* SceneDelegate.swift */; };
		30AACABA2801A18900F89096 /* HomeVC.swift in Sources */ = {isa = PBXBuildFile; fileRef = 30AACAB92801A18900F89096 /* HomeVC.swift */; };
		30AACABD2801A18900F89096 /* Main.storyboard in Resources */ = {isa = PBXBuildFile; fileRef = 30AACABB2801A18900F89096 /* Main.storyboard */; };
		30AACABF2801A18900F89096 /* Assets.xcassets in Resources */ = {isa = PBXBuildFile; fileRef = 30AACABE2801A18900F89096 /* Assets.xcassets */; };
		30AACAC22801A18900F89096 /* LaunchScreen.storyboard in Resources */ = {isa = PBXBuildFile; fileRef = 30AACAC02801A18900F89096 /* LaunchScreen.storyboard */; };
		30AACACD2801A18900F89096 /* CountriesTests.swift in Sources */ = {isa = PBXBuildFile; fileRef = 30AACACC2801A18900F89096 /* CountriesTests.swift */; };
		30AACAD72801A18900F89096 /* CountriesUITests.swift in Sources */ = {isa = PBXBuildFile; fileRef = 30AACAD62801A18900F89096 /* CountriesUITests.swift */; };
		30AACAD92801A18900F89096 /* CountriesUITestsLaunchTests.swift in Sources */ = {isa = PBXBuildFile; fileRef = 30AACAD82801A18900F89096 /* CountriesUITestsLaunchTests.swift */; };
		30AACAEE2801B12400F89096 /* Country.swift in Sources */ = {isa = PBXBuildFile; fileRef = 30AACAED2801B12400F89096 /* Country.swift */; };
		30AACAF02801B13800F89096 /* CountryDetail.swift in Sources */ = {isa = PBXBuildFile; fileRef = 30AACAEF2801B13800F89096 /* CountryDetail.swift */; };
		30AACAF42801D1C700F89096 /* CountryListDataSource.swift in Sources */ = {isa = PBXBuildFile; fileRef = 30AACAF32801D1C700F89096 /* CountryListDataSource.swift */; };
		30AACAF62801D1F900F89096 /* CountryRepository.swift in Sources */ = {isa = PBXBuildFile; fileRef = 30AACAF52801D1F900F89096 /* CountryRepository.swift */; };
		30AACAF82801D32200F89096 /* SavedVC.swift in Sources */ = {isa = PBXBuildFile; fileRef = 30AACAF72801D32200F89096 /* SavedVC.swift */; };
		30AACAFA2801D34000F89096 /* DetailsVC.swift in Sources */ = {isa = PBXBuildFile; fileRef = 30AACAF92801D34000F89096 /* DetailsVC.swift */; };
		30AACAFD2801D3AF00F89096 /* StorageKey.swift in Sources */ = {isa = PBXBuildFile; fileRef = 30AACAFC2801D3AF00F89096 /* StorageKey.swift */; };
		30AACAFF2801D3BA00F89096 /* Storable.swift in Sources */ = {isa = PBXBuildFile; fileRef = 30AACAFE2801D3BA00F89096 /* Storable.swift */; };
		30AACB012801D3D000F89096 /* LocalStore.swift in Sources */ = {isa = PBXBuildFile; fileRef = 30AACB002801D3D000F89096 /* LocalStore.swift */; };
		30AACB0A2801E6C200F89096 /* CountryCell.swift in Sources */ = {isa = PBXBuildFile; fileRef = 30AACB082801E6C200F89096 /* CountryCell.swift */; };
		30AACB0B2801E6C200F89096 /* CountryCell.xib in Resources */ = {isa = PBXBuildFile; fileRef = 30AACB092801E6C200F89096 /* CountryCell.xib */; };
/* End PBXBuildFile section */

/* Begin PBXContainerItemProxy section */
		30AACAC92801A18900F89096 /* PBXContainerItemProxy */ = {
			isa = PBXContainerItemProxy;
			containerPortal = 30AACAAA2801A18900F89096 /* Project object */;
			proxyType = 1;
			remoteGlobalIDString = 30AACAB12801A18900F89096;
			remoteInfo = Countries;
		};
		30AACAD32801A18900F89096 /* PBXContainerItemProxy */ = {
			isa = PBXContainerItemProxy;
			containerPortal = 30AACAAA2801A18900F89096 /* Project object */;
			proxyType = 1;
			remoteGlobalIDString = 30AACAB12801A18900F89096;
			remoteInfo = Countries;
		};
/* End PBXContainerItemProxy section */

/* Begin PBXFileReference section */
		30AACAB22801A18900F89096 /* Countries.app */ = {isa = PBXFileReference; explicitFileType = wrapper.application; includeInIndex = 0; path = Countries.app; sourceTree = BUILT_PRODUCTS_DIR; };
		30AACAB52801A18900F89096 /* AppDelegate.swift */ = {isa = PBXFileReference; lastKnownFileType = sourcecode.swift; path = AppDelegate.swift; sourceTree = "<group>"; };
		30AACAB72801A18900F89096 /* SceneDelegate.swift */ = {isa = PBXFileReference; lastKnownFileType = sourcecode.swift; path = SceneDelegate.swift; sourceTree = "<group>"; };
		30AACAB92801A18900F89096 /* HomeVC.swift */ = {isa = PBXFileReference; lastKnownFileType = sourcecode.swift; path = HomeVC.swift; sourceTree = "<group>"; };
		30AACABC2801A18900F89096 /* Base */ = {isa = PBXFileReference; lastKnownFileType = file.storyboard; name = Base; path = Base.lproj/Main.storyboard; sourceTree = "<group>"; };
		30AACABE2801A18900F89096 /* Assets.xcassets */ = {isa = PBXFileReference; lastKnownFileType = folder.assetcatalog; path = Assets.xcassets; sourceTree = "<group>"; };
		30AACAC12801A18900F89096 /* Base */ = {isa = PBXFileReference; lastKnownFileType = file.storyboard; name = Base; path = Base.lproj/LaunchScreen.storyboard; sourceTree = "<group>"; };
		30AACAC32801A18900F89096 /* Info.plist */ = {isa = PBXFileReference; lastKnownFileType = text.plist.xml; path = Info.plist; sourceTree = "<group>"; };
		30AACAC82801A18900F89096 /* CountriesTests.xctest */ = {isa = PBXFileReference; explicitFileType = wrapper.cfbundle; includeInIndex = 0; path = CountriesTests.xctest; sourceTree = BUILT_PRODUCTS_DIR; };
		30AACACC2801A18900F89096 /* CountriesTests.swift */ = {isa = PBXFileReference; lastKnownFileType = sourcecode.swift; path = CountriesTests.swift; sourceTree = "<group>"; };
		30AACAD22801A18900F89096 /* CountriesUITests.xctest */ = {isa = PBXFileReference; explicitFileType = wrapper.cfbundle; includeInIndex = 0; path = CountriesUITests.xctest; sourceTree = BUILT_PRODUCTS_DIR; };
		30AACAD62801A18900F89096 /* CountriesUITests.swift */ = {isa = PBXFileReference; lastKnownFileType = sourcecode.swift; path = CountriesUITests.swift; sourceTree = "<group>"; };
		30AACAD82801A18900F89096 /* CountriesUITestsLaunchTests.swift */ = {isa = PBXFileReference; lastKnownFileType = sourcecode.swift; path = CountriesUITestsLaunchTests.swift; sourceTree = "<group>"; };
		30AACAED2801B12400F89096 /* Country.swift */ = {isa = PBXFileReference; lastKnownFileType = sourcecode.swift; path = Country.swift; sourceTree = "<group>"; };
		30AACAEF2801B13800F89096 /* CountryDetail.swift */ = {isa = PBXFileReference; lastKnownFileType = sourcecode.swift; path = CountryDetail.swift; sourceTree = "<group>"; };
		30AACAF32801D1C700F89096 /* CountryListDataSource.swift */ = {isa = PBXFileReference; lastKnownFileType = sourcecode.swift; path = CountryListDataSource.swift; sourceTree = "<group>"; };
		30AACAF52801D1F900F89096 /* CountryRepository.swift */ = {isa = PBXFileReference; lastKnownFileType = sourcecode.swift; path = CountryRepository.swift; sourceTree = "<group>"; };
		30AACAF72801D32200F89096 /* SavedVC.swift */ = {isa = PBXFileReference; lastKnownFileType = sourcecode.swift; path = SavedVC.swift; sourceTree = "<group>"; };
		30AACAF92801D34000F89096 /* DetailsVC.swift */ = {isa = PBXFileReference; lastKnownFileType = sourcecode.swift; path = DetailsVC.swift; sourceTree = "<group>"; };
		30AACAFC2801D3AF00F89096 /* StorageKey.swift */ = {isa = PBXFileReference; lastKnownFileType = sourcecode.swift; path = StorageKey.swift; sourceTree = "<group>"; };
		30AACAFE2801D3BA00F89096 /* Storable.swift */ = {isa = PBXFileReference; lastKnownFileType = sourcecode.swift; path = Storable.swift; sourceTree = "<group>"; };
		30AACB002801D3D000F89096 /* LocalStore.swift */ = {isa = PBXFileReference; lastKnownFileType = sourcecode.swift; path = LocalStore.swift; sourceTree = "<group>"; };
		30AACB082801E6C200F89096 /* CountryCell.swift */ = {isa = PBXFileReference; lastKnownFileType = sourcecode.swift; path = CountryCell.swift; sourceTree = "<group>"; };
		30AACB092801E6C200F89096 /* CountryCell.xib */ = {isa = PBXFileReference; lastKnownFileType = file.xib; path = CountryCell.xib; sourceTree = "<group>"; };
/* End PBXFileReference section */

/* Begin PBXFrameworksBuildPhase section */
		30AACAAF2801A18900F89096 /* Frameworks */ = {
			isa = PBXFrameworksBuildPhase;
			buildActionMask = 2147483647;
			files = (
				3084DDD42802F66400384911 /* Kingfisher in Frameworks */,
			);
			runOnlyForDeploymentPostprocessing = 0;
		};
		30AACAC52801A18900F89096 /* Frameworks */ = {
			isa = PBXFrameworksBuildPhase;
			buildActionMask = 2147483647;
			files = (
			);
			runOnlyForDeploymentPostprocessing = 0;
		};
		30AACACF2801A18900F89096 /* Frameworks */ = {
			isa = PBXFrameworksBuildPhase;
			buildActionMask = 2147483647;
			files = (
			);
			runOnlyForDeploymentPostprocessing = 0;
		};
/* End PBXFrameworksBuildPhase section */

/* Begin PBXGroup section */
		30AACAA92801A18900F89096 = {
			isa = PBXGroup;
			children = (
				30AACAB42801A18900F89096 /* Countries */,
				30AACACB2801A18900F89096 /* CountriesTests */,
				30AACAD52801A18900F89096 /* CountriesUITests */,
				30AACAB32801A18900F89096 /* Products */,
			);
			sourceTree = "<group>";
		};
		30AACAB32801A18900F89096 /* Products */ = {
			isa = PBXGroup;
			children = (
				30AACAB22801A18900F89096 /* Countries.app */,
				30AACAC82801A18900F89096 /* CountriesTests.xctest */,
				30AACAD22801A18900F89096 /* CountriesUITests.xctest */,
			);
			name = Products;
			sourceTree = "<group>";
		};
		30AACAB42801A18900F89096 /* Countries */ = {
			isa = PBXGroup;
			children = (
				30AACAFB2801D39500F89096 /* Storeables */,
				30AACAE72801AFEB00F89096 /* Views */,
				30AACAE62801A6A600F89096 /* Data */,
				30AACAE52801A61B00F89096 /* App */,
				30AACABB2801A18900F89096 /* Main.storyboard */,
				30AACABE2801A18900F89096 /* Assets.xcassets */,
				30AACAC02801A18900F89096 /* LaunchScreen.storyboard */,
				30AACAC32801A18900F89096 /* Info.plist */,
			);
			path = Countries;
			sourceTree = "<group>";
		};
		30AACACB2801A18900F89096 /* CountriesTests */ = {
			isa = PBXGroup;
			children = (
				30AACACC2801A18900F89096 /* CountriesTests.swift */,
			);
			path = CountriesTests;
			sourceTree = "<group>";
		};
		30AACAD52801A18900F89096 /* CountriesUITests */ = {
			isa = PBXGroup;
			children = (
				30AACAD62801A18900F89096 /* CountriesUITests.swift */,
				30AACAD82801A18900F89096 /* CountriesUITestsLaunchTests.swift */,
			);
			path = CountriesUITests;
			sourceTree = "<group>";
		};
		30AACAE52801A61B00F89096 /* App */ = {
			isa = PBXGroup;
			children = (
				30AACAB72801A18900F89096 /* SceneDelegate.swift */,
				30AACAB52801A18900F89096 /* AppDelegate.swift */,
			);
			path = App;
			sourceTree = "<group>";
		};
		30AACAE62801A6A600F89096 /* Data */ = {
			isa = PBXGroup;
			children = (
				30AACAED2801B12400F89096 /* Country.swift */,
				30AACAEF2801B13800F89096 /* CountryDetail.swift */,
			);
			path = Data;
			sourceTree = "<group>";
		};
		30AACAE72801AFEB00F89096 /* Views */ = {
			isa = PBXGroup;
			children = (
				30AACAE82801AFFE00F89096 /* Home */,
				30AACAE92801B00600F89096 /* Saved */,
				30AACAEA2801B00E00F89096 /* Details */,
			);
			path = Views;
			sourceTree = "<group>";
		};
		30AACAE82801AFFE00F89096 /* Home */ = {
			isa = PBXGroup;
			children = (
				30AACAB92801A18900F89096 /* HomeVC.swift */,
				30AACAF32801D1C700F89096 /* CountryListDataSource.swift */,
				30AACAF52801D1F900F89096 /* CountryRepository.swift */,
				30AACB082801E6C200F89096 /* CountryCell.swift */,
				30AACB092801E6C200F89096 /* CountryCell.xib */,
			);
			path = Home;
			sourceTree = "<group>";
		};
		30AACAE92801B00600F89096 /* Saved */ = {
			isa = PBXGroup;
			children = (
				30AACAF72801D32200F89096 /* SavedVC.swift */,
			);
			path = Saved;
			sourceTree = "<group>";
		};
		30AACAEA2801B00E00F89096 /* Details */ = {
			isa = PBXGroup;
			children = (
				30AACAF92801D34000F89096 /* DetailsVC.swift */,
			);
			path = Details;
			sourceTree = "<group>";
		};
		30AACAFB2801D39500F89096 /* Storeables */ = {
			isa = PBXGroup;
			children = (
				30AACAFC2801D3AF00F89096 /* StorageKey.swift */,
				30AACAFE2801D3BA00F89096 /* Storable.swift */,
				30AACB002801D3D000F89096 /* LocalStore.swift */,
			);
			path = Storeables;
			sourceTree = "<group>";
		};
/* End PBXGroup section */

/* Begin PBXNativeTarget section */
		30AACAB12801A18900F89096 /* Countries */ = {
			isa = PBXNativeTarget;
			buildConfigurationList = 30AACADC2801A18900F89096 /* Build configuration list for PBXNativeTarget "Countries" */;
			buildPhases = (
				30AACAAE2801A18900F89096 /* Sources */,
				30AACAAF2801A18900F89096 /* Frameworks */,
				30AACAB02801A18900F89096 /* Resources */,
			);
			buildRules = (
			);
			dependencies = (
			);
			name = Countries;
			packageProductDependencies = (
				3084DDD32802F66400384911 /* Kingfisher */,
			);
			productName = Countries;
			productReference = 30AACAB22801A18900F89096 /* Countries.app */;
			productType = "com.apple.product-type.application";
		};
		30AACAC72801A18900F89096 /* CountriesTests */ = {
			isa = PBXNativeTarget;
			buildConfigurationList = 30AACADF2801A18900F89096 /* Build configuration list for PBXNativeTarget "CountriesTests" */;
			buildPhases = (
				30AACAC42801A18900F89096 /* Sources */,
				30AACAC52801A18900F89096 /* Frameworks */,
				30AACAC62801A18900F89096 /* Resources */,
			);
			buildRules = (
			);
			dependencies = (
				30AACACA2801A18900F89096 /* PBXTargetDependency */,
			);
			name = CountriesTests;
			productName = CountriesTests;
			productReference = 30AACAC82801A18900F89096 /* CountriesTests.xctest */;
			productType = "com.apple.product-type.bundle.unit-test";
		};
		30AACAD12801A18900F89096 /* CountriesUITests */ = {
			isa = PBXNativeTarget;
			buildConfigurationList = 30AACAE22801A18900F89096 /* Build configuration list for PBXNativeTarget "CountriesUITests" */;
			buildPhases = (
				30AACACE2801A18900F89096 /* Sources */,
				30AACACF2801A18900F89096 /* Frameworks */,
				30AACAD02801A18900F89096 /* Resources */,
			);
			buildRules = (
			);
			dependencies = (
				30AACAD42801A18900F89096 /* PBXTargetDependency */,
			);
			name = CountriesUITests;
			productName = CountriesUITests;
			productReference = 30AACAD22801A18900F89096 /* CountriesUITests.xctest */;
			productType = "com.apple.product-type.bundle.ui-testing";
		};
/* End PBXNativeTarget section */

/* Begin PBXProject section */
		30AACAAA2801A18900F89096 /* Project object */ = {
			isa = PBXProject;
			attributes = {
				BuildIndependentTargetsInParallel = 1;
				LastSwiftUpdateCheck = 1330;
				LastUpgradeCheck = 1330;
				TargetAttributes = {
					30AACAB12801A18900F89096 = {
						CreatedOnToolsVersion = 13.3;
					};
					30AACAC72801A18900F89096 = {
						CreatedOnToolsVersion = 13.3;
						TestTargetID = 30AACAB12801A18900F89096;
					};
					30AACAD12801A18900F89096 = {
						CreatedOnToolsVersion = 13.3;
						TestTargetID = 30AACAB12801A18900F89096;
					};
				};
			};
			buildConfigurationList = 30AACAAD2801A18900F89096 /* Build configuration list for PBXProject "Countries" */;
			compatibilityVersion = "Xcode 13.0";
			developmentRegion = en;
			hasScannedForEncodings = 0;
			knownRegions = (
				en,
				Base,
			);
			mainGroup = 30AACAA92801A18900F89096;
			packageReferences = (
				3084DDD22802F66400384911 /* XCRemoteSwiftPackageReference "Kingfisher" */,
			);
			productRefGroup = 30AACAB32801A18900F89096 /* Products */;
			projectDirPath = "";
			projectRoot = "";
			targets = (
				30AACAB12801A18900F89096 /* Countries */,
				30AACAC72801A18900F89096 /* CountriesTests */,
				30AACAD12801A18900F89096 /* CountriesUITests */,
			);
		};
/* End PBXProject section */

/* Begin PBXResourcesBuildPhase section */
		30AACAB02801A18900F89096 /* Resources */ = {
			isa = PBXResourcesBuildPhase;
			buildActionMask = 2147483647;
			files = (
				30AACB0B2801E6C200F89096 /* CountryCell.xib in Resources */,
				30AACAC22801A18900F89096 /* LaunchScreen.storyboard in Resources */,
				30AACABF2801A18900F89096 /* Assets.xcassets in Resources */,
				30AACABD2801A18900F89096 /* Main.storyboard in Resources */,
			);
			runOnlyForDeploymentPostprocessing = 0;
		};
		30AACAC62801A18900F89096 /* Resources */ = {
			isa = PBXResourcesBuildPhase;
			buildActionMask = 2147483647;
			files = (
			);
			runOnlyForDeploymentPostprocessing = 0;
		};
		30AACAD02801A18900F89096 /* Resources */ = {
			isa = PBXResourcesBuildPhase;
			buildActionMask = 2147483647;
			files = (
			);
			runOnlyForDeploymentPostprocessing = 0;
		};
/* End PBXResourcesBuildPhase section */

/* Begin PBXSourcesBuildPhase section */
		30AACAAE2801A18900F89096 /* Sources */ = {
			isa = PBXSourcesBuildPhase;
			buildActionMask = 2147483647;
			files = (
				30AACAF42801D1C700F89096 /* CountryListDataSource.swift in Sources */,
				30AACAF02801B13800F89096 /* CountryDetail.swift in Sources */,
				30AACABA2801A18900F89096 /* HomeVC.swift in Sources */,
				30AACAFD2801D3AF00F89096 /* StorageKey.swift in Sources */,
				30AACAF82801D32200F89096 /* SavedVC.swift in Sources */,
				30AACAB62801A18900F89096 /* AppDelegate.swift in Sources */,
				30AACAEE2801B12400F89096 /* Country.swift in Sources */,
				30AACAF62801D1F900F89096 /* CountryRepository.swift in Sources */,
				30AACAFF2801D3BA00F89096 /* Storable.swift in Sources */,
				30AACB012801D3D000F89096 /* LocalStore.swift in Sources */,
				30AACAB82801A18900F89096 /* SceneDelegate.swift in Sources */,
				30AACB0A2801E6C200F89096 /* CountryCell.swift in Sources */,
				30AACAFA2801D34000F89096 /* DetailsVC.swift in Sources */,
			);
			runOnlyForDeploymentPostprocessing = 0;
		};
		30AACAC42801A18900F89096 /* Sources */ = {
			isa = PBXSourcesBuildPhase;
			buildActionMask = 2147483647;
			files = (
				30AACACD2801A18900F89096 /* CountriesTests.swift in Sources */,
			);
			runOnlyForDeploymentPostprocessing = 0;
		};
		30AACACE2801A18900F89096 /* Sources */ = {
			isa = PBXSourcesBuildPhase;
			buildActionMask = 2147483647;
			files = (
				30AACAD72801A18900F89096 /* CountriesUITests.swift in Sources */,
				30AACAD92801A18900F89096 /* CountriesUITestsLaunchTests.swift in Sources */,
			);
			runOnlyForDeploymentPostprocessing = 0;
		};
/* End PBXSourcesBuildPhase section */

/* Begin PBXTargetDependency section */
		30AACACA2801A18900F89096 /* PBXTargetDependency */ = {
			isa = PBXTargetDependency;
			target = 30AACAB12801A18900F89096 /* Countries */;
			targetProxy = 30AACAC92801A18900F89096 /* PBXContainerItemProxy */;
		};
		30AACAD42801A18900F89096 /* PBXTargetDependency */ = {
			isa = PBXTargetDependency;
			target = 30AACAB12801A18900F89096 /* Countries */;
			targetProxy = 30AACAD32801A18900F89096 /* PBXContainerItemProxy */;
		};
/* End PBXTargetDependency section */

/* Begin PBXVariantGroup section */
		30AACABB2801A18900F89096 /* Main.storyboard */ = {
			isa = PBXVariantGroup;
			children = (
				30AACABC2801A18900F89096 /* Base */,
			);
			name = Main.storyboard;
			sourceTree = "<group>";
		};
		30AACAC02801A18900F89096 /* LaunchScreen.storyboard */ = {
			isa = PBXVariantGroup;
			children = (
				30AACAC12801A18900F89096 /* Base */,
			);
			name = LaunchScreen.storyboard;
			sourceTree = "<group>";
		};
/* End PBXVariantGroup section */

/* Begin XCBuildConfiguration section */
		30AACADA2801A18900F89096 /* Debug */ = {
			isa = XCBuildConfiguration;
			buildSettings = {
				ALWAYS_SEARCH_USER_PATHS = NO;
				CLANG_ANALYZER_NONNULL = YES;
				CLANG_ANALYZER_NUMBER_OBJECT_CONVERSION = YES_AGGRESSIVE;
				CLANG_CXX_LANGUAGE_STANDARD = "gnu++17";
				CLANG_ENABLE_MODULES = YES;
				CLANG_ENABLE_OBJC_ARC = YES;
				CLANG_ENABLE_OBJC_WEAK = YES;
				CLANG_WARN_BLOCK_CAPTURE_AUTORELEASING = YES;
				CLANG_WARN_BOOL_CONVERSION = YES;
				CLANG_WARN_COMMA = YES;
				CLANG_WARN_CONSTANT_CONVERSION = YES;
				CLANG_WARN_DEPRECATED_OBJC_IMPLEMENTATIONS = YES;
				CLANG_WARN_DIRECT_OBJC_ISA_USAGE = YES_ERROR;
				CLANG_WARN_DOCUMENTATION_COMMENTS = YES;
				CLANG_WARN_EMPTY_BODY = YES;
				CLANG_WARN_ENUM_CONVERSION = YES;
				CLANG_WARN_INFINITE_RECURSION = YES;
				CLANG_WARN_INT_CONVERSION = YES;
				CLANG_WARN_NON_LITERAL_NULL_CONVERSION = YES;
				CLANG_WARN_OBJC_IMPLICIT_RETAIN_SELF = YES;
				CLANG_WARN_OBJC_LITERAL_CONVERSION = YES;
				CLANG_WARN_OBJC_ROOT_CLASS = YES_ERROR;
				CLANG_WARN_QUOTED_INCLUDE_IN_FRAMEWORK_HEADER = YES;
				CLANG_WARN_RANGE_LOOP_ANALYSIS = YES;
				CLANG_WARN_STRICT_PROTOTYPES = YES;
				CLANG_WARN_SUSPICIOUS_MOVE = YES;
				CLANG_WARN_UNGUARDED_AVAILABILITY = YES_AGGRESSIVE;
				CLANG_WARN_UNREACHABLE_CODE = YES;
				CLANG_WARN__DUPLICATE_METHOD_MATCH = YES;
				COPY_PHASE_STRIP = NO;
				DEBUG_INFORMATION_FORMAT = dwarf;
				ENABLE_STRICT_OBJC_MSGSEND = YES;
				ENABLE_TESTABILITY = YES;
				GCC_C_LANGUAGE_STANDARD = gnu11;
				GCC_DYNAMIC_NO_PIC = NO;
				GCC_NO_COMMON_BLOCKS = YES;
				GCC_OPTIMIZATION_LEVEL = 0;
				GCC_PREPROCESSOR_DEFINITIONS = (
					"DEBUG=1",
					"$(inherited)",
				);
				GCC_WARN_64_TO_32_BIT_CONVERSION = YES;
				GCC_WARN_ABOUT_RETURN_TYPE = YES_ERROR;
				GCC_WARN_UNDECLARED_SELECTOR = YES;
				GCC_WARN_UNINITIALIZED_AUTOS = YES_AGGRESSIVE;
				GCC_WARN_UNUSED_FUNCTION = YES;
				GCC_WARN_UNUSED_VARIABLE = YES;
				IPHONEOS_DEPLOYMENT_TARGET = 15.4;
				MTL_ENABLE_DEBUG_INFO = INCLUDE_SOURCE;
				MTL_FAST_MATH = YES;
				ONLY_ACTIVE_ARCH = YES;
				SDKROOT = iphoneos;
				SWIFT_ACTIVE_COMPILATION_CONDITIONS = DEBUG;
				SWIFT_OPTIMIZATION_LEVEL = "-Onone";
			};
			name = Debug;
		};
		30AACADB2801A18900F89096 /* Release */ = {
			isa = XCBuildConfiguration;
			buildSettings = {
				ALWAYS_SEARCH_USER_PATHS = NO;
				CLANG_ANALYZER_NONNULL = YES;
				CLANG_ANALYZER_NUMBER_OBJECT_CONVERSION = YES_AGGRESSIVE;
				CLANG_CXX_LANGUAGE_STANDARD = "gnu++17";
				CLANG_ENABLE_MODULES = YES;
				CLANG_ENABLE_OBJC_ARC = YES;
				CLANG_ENABLE_OBJC_WEAK = YES;
				CLANG_WARN_BLOCK_CAPTURE_AUTORELEASING = YES;
				CLANG_WARN_BOOL_CONVERSION = YES;
				CLANG_WARN_COMMA = YES;
				CLANG_WARN_CONSTANT_CONVERSION = YES;
				CLANG_WARN_DEPRECATED_OBJC_IMPLEMENTATIONS = YES;
				CLANG_WARN_DIRECT_OBJC_ISA_USAGE = YES_ERROR;
				CLANG_WARN_DOCUMENTATION_COMMENTS = YES;
				CLANG_WARN_EMPTY_BODY = YES;
				CLANG_WARN_ENUM_CONVERSION = YES;
				CLANG_WARN_INFINITE_RECURSION = YES;
				CLANG_WARN_INT_CONVERSION = YES;
				CLANG_WARN_NON_LITERAL_NULL_CONVERSION = YES;
				CLANG_WARN_OBJC_IMPLICIT_RETAIN_SELF = YES;
				CLANG_WARN_OBJC_LITERAL_CONVERSION = YES;
				CLANG_WARN_OBJC_ROOT_CLASS = YES_ERROR;
				CLANG_WARN_QUOTED_INCLUDE_IN_FRAMEWORK_HEADER = YES;
				CLANG_WARN_RANGE_LOOP_ANALYSIS = YES;
				CLANG_WARN_STRICT_PROTOTYPES = YES;
				CLANG_WARN_SUSPICIOUS_MOVE = YES;
				CLANG_WARN_UNGUARDED_AVAILABILITY = YES_AGGRESSIVE;
				CLANG_WARN_UNREACHABLE_CODE = YES;
				CLANG_WARN__DUPLICATE_METHOD_MATCH = YES;
				COPY_PHASE_STRIP = NO;
				DEBUG_INFORMATION_FORMAT = "dwarf-with-dsym";
				ENABLE_NS_ASSERTIONS = NO;
				ENABLE_STRICT_OBJC_MSGSEND = YES;
				GCC_C_LANGUAGE_STANDARD = gnu11;
				GCC_NO_COMMON_BLOCKS = YES;
				GCC_WARN_64_TO_32_BIT_CONVERSION = YES;
				GCC_WARN_ABOUT_RETURN_TYPE = YES_ERROR;
				GCC_WARN_UNDECLARED_SELECTOR = YES;
				GCC_WARN_UNINITIALIZED_AUTOS = YES_AGGRESSIVE;
				GCC_WARN_UNUSED_FUNCTION = YES;
				GCC_WARN_UNUSED_VARIABLE = YES;
				IPHONEOS_DEPLOYMENT_TARGET = 15.4;
				MTL_ENABLE_DEBUG_INFO = NO;
				MTL_FAST_MATH = YES;
				SDKROOT = iphoneos;
				SWIFT_COMPILATION_MODE = wholemodule;
				SWIFT_OPTIMIZATION_LEVEL = "-O";
				VALIDATE_PRODUCT = YES;
			};
			name = Release;
		};
		30AACADD2801A18900F89096 /* Debug */ = {
			isa = XCBuildConfiguration;
			buildSettings = {
				ASSETCATALOG_COMPILER_APPICON_NAME = AppIcon;
				ASSETCATALOG_COMPILER_GLOBAL_ACCENT_COLOR_NAME = AccentColor;
				CODE_SIGN_STYLE = Automatic;
				CURRENT_PROJECT_VERSION = 1;
				DEVELOPMENT_TEAM = 63C6GDV6M6;
				GENERATE_INFOPLIST_FILE = YES;
				INFOPLIST_FILE = Countries/Info.plist;
				INFOPLIST_KEY_UIApplicationSupportsIndirectInputEvents = YES;
				INFOPLIST_KEY_UILaunchStoryboardName = LaunchScreen;
				INFOPLIST_KEY_UIMainStoryboardFile = Main;
				INFOPLIST_KEY_UISupportedInterfaceOrientations = UIInterfaceOrientationPortrait;
				INFOPLIST_KEY_UISupportedInterfaceOrientations_iPad = "UIInterfaceOrientationPortrait UIInterfaceOrientationPortraitUpsideDown UIInterfaceOrientationLandscapeLeft UIInterfaceOrientationLandscapeRight";
				INFOPLIST_KEY_UISupportedInterfaceOrientations_iPhone = "UIInterfaceOrientationPortrait UIInterfaceOrientationLandscapeLeft UIInterfaceOrientationLandscapeRight";
				LD_RUNPATH_SEARCH_PATHS = (
					"$(inherited)",
					"@executable_path/Frameworks",
				);
				MARKETING_VERSION = 1.0;
				PRODUCT_BUNDLE_IDENTIFIER = com.hasanyavuz.Countries;
				PRODUCT_NAME = "$(TARGET_NAME)";
				SWIFT_EMIT_LOC_STRINGS = YES;
				SWIFT_VERSION = 5.0;
				TARGETED_DEVICE_FAMILY = 1;
			};
			name = Debug;
		};
		30AACADE2801A18900F89096 /* Release */ = {
			isa = XCBuildConfiguration;
			buildSettings = {
				ASSETCATALOG_COMPILER_APPICON_NAME = AppIcon;
				ASSETCATALOG_COMPILER_GLOBAL_ACCENT_COLOR_NAME = AccentColor;
				CODE_SIGN_STYLE = Automatic;
				CURRENT_PROJECT_VERSION = 1;
				DEVELOPMENT_TEAM = 63C6GDV6M6;
				GENERATE_INFOPLIST_FILE = YES;
				INFOPLIST_FILE = Countries/Info.plist;
				INFOPLIST_KEY_UIApplicationSupportsIndirectInputEvents = YES;
				INFOPLIST_KEY_UILaunchStoryboardName = LaunchScreen;
				INFOPLIST_KEY_UIMainStoryboardFile = Main;
				INFOPLIST_KEY_UISupportedInterfaceOrientations = UIInterfaceOrientationPortrait;
				INFOPLIST_KEY_UISupportedInterfaceOrientations_iPad = "UIInterfaceOrientationPortrait UIInterfaceOrientationPortraitUpsideDown UIInterfaceOrientationLandscapeLeft UIInterfaceOrientationLandscapeRight";
				INFOPLIST_KEY_UISupportedInterfaceOrientations_iPhone = "UIInterfaceOrientationPortrait UIInterfaceOrientationLandscapeLeft UIInterfaceOrientationLandscapeRight";
				LD_RUNPATH_SEARCH_PATHS = (
					"$(inherited)",
					"@executable_path/Frameworks",
				);
				MARKETING_VERSION = 1.0;
				PRODUCT_BUNDLE_IDENTIFIER = com.hasanyavuz.Countries;
				PRODUCT_NAME = "$(TARGET_NAME)";
				SWIFT_EMIT_LOC_STRINGS = YES;
				SWIFT_VERSION = 5.0;
				TARGETED_DEVICE_FAMILY = 1;
			};
			name = Release;
		};
		30AACAE02801A18900F89096 /* Debug */ = {
			isa = XCBuildConfiguration;
			buildSettings = {
				ALWAYS_EMBED_SWIFT_STANDARD_LIBRARIES = YES;
				BUNDLE_LOADER = "$(TEST_HOST)";
				CODE_SIGN_STYLE = Automatic;
				CURRENT_PROJECT_VERSION = 1;
				DEVELOPMENT_TEAM = 63C6GDV6M6;
				GENERATE_INFOPLIST_FILE = YES;
				IPHONEOS_DEPLOYMENT_TARGET = 15.4;
				MARKETING_VERSION = 1.0;
				PRODUCT_BUNDLE_IDENTIFIER = com.hasanyavuz.CountriesTests;
				PRODUCT_NAME = "$(TARGET_NAME)";
				SWIFT_EMIT_LOC_STRINGS = NO;
				SWIFT_VERSION = 5.0;
				TARGETED_DEVICE_FAMILY = "1,2";
				TEST_HOST = "$(BUILT_PRODUCTS_DIR)/Countries.app/Countries";
			};
			name = Debug;
		};
		30AACAE12801A18900F89096 /* Release */ = {
			isa = XCBuildConfiguration;
			buildSettings = {
				ALWAYS_EMBED_SWIFT_STANDARD_LIBRARIES = YES;
				BUNDLE_LOADER = "$(TEST_HOST)";
				CODE_SIGN_STYLE = Automatic;
				CURRENT_PROJECT_VERSION = 1;
				DEVELOPMENT_TEAM = 63C6GDV6M6;
				GENERATE_INFOPLIST_FILE = YES;
				IPHONEOS_DEPLOYMENT_TARGET = 15.4;
				MARKETING_VERSION = 1.0;
				PRODUCT_BUNDLE_IDENTIFIER = com.hasanyavuz.CountriesTests;
				PRODUCT_NAME = "$(TARGET_NAME)";
				SWIFT_EMIT_LOC_STRINGS = NO;
				SWIFT_VERSION = 5.0;
				TARGETED_DEVICE_FAMILY = "1,2";
				TEST_HOST = "$(BUILT_PRODUCTS_DIR)/Countries.app/Countries";
			};
			name = Release;
		};
		30AACAE32801A18900F89096 /* Debug */ = {
			isa = XCBuildConfiguration;
			buildSettings = {
				ALWAYS_EMBED_SWIFT_STANDARD_LIBRARIES = YES;
				CODE_SIGN_STYLE = Automatic;
				CURRENT_PROJECT_VERSION = 1;
				DEVELOPMENT_TEAM = 63C6GDV6M6;
				GENERATE_INFOPLIST_FILE = YES;
				MARKETING_VERSION = 1.0;
				PRODUCT_BUNDLE_IDENTIFIER = com.hasanyavuz.CountriesUITests;
				PRODUCT_NAME = "$(TARGET_NAME)";
				SWIFT_EMIT_LOC_STRINGS = NO;
				SWIFT_VERSION = 5.0;
				TARGETED_DEVICE_FAMILY = "1,2";
				TEST_TARGET_NAME = Countries;
			};
			name = Debug;
		};
		30AACAE42801A18900F89096 /* Release */ = {
			isa = XCBuildConfiguration;
			buildSettings = {
				ALWAYS_EMBED_SWIFT_STANDARD_LIBRARIES = YES;
				CODE_SIGN_STYLE = Automatic;
				CURRENT_PROJECT_VERSION = 1;
				DEVELOPMENT_TEAM = 63C6GDV6M6;
				GENERATE_INFOPLIST_FILE = YES;
				MARKETING_VERSION = 1.0;
				PRODUCT_BUNDLE_IDENTIFIER = com.hasanyavuz.CountriesUITests;
				PRODUCT_NAME = "$(TARGET_NAME)";
				SWIFT_EMIT_LOC_STRINGS = NO;
				SWIFT_VERSION = 5.0;
				TARGETED_DEVICE_FAMILY = "1,2";
				TEST_TARGET_NAME = Countries;
			};
			name = Release;
		};
/* End XCBuildConfiguration section */

/* Begin XCConfigurationList section */
		30AACAAD2801A18900F89096 /* Build configuration list for PBXProject "Countries" */ = {
			isa = XCConfigurationList;
			buildConfigurations = (
				30AACADA2801A18900F89096 /* Debug */,
				30AACADB2801A18900F89096 /* Release */,
			);
			defaultConfigurationIsVisible = 0;
			defaultConfigurationName = Release;
		};
		30AACADC2801A18900F89096 /* Build configuration list for PBXNativeTarget "Countries" */ = {
			isa = XCConfigurationList;
			buildConfigurations = (
				30AACADD2801A18900F89096 /* Debug */,
				30AACADE2801A18900F89096 /* Release */,
			);
			defaultConfigurationIsVisible = 0;
			defaultConfigurationName = Release;
		};
		30AACADF2801A18900F89096 /* Build configuration list for PBXNativeTarget "CountriesTests" */ = {
			isa = XCConfigurationList;
			buildConfigurations = (
				30AACAE02801A18900F89096 /* Debug */,
				30AACAE12801A18900F89096 /* Release */,
			);
			defaultConfigurationIsVisible = 0;
			defaultConfigurationName = Release;
		};
		30AACAE22801A18900F89096 /* Build configuration list for PBXNativeTarget "CountriesUITests" */ = {
			isa = XCConfigurationList;
			buildConfigurations = (
				30AACAE32801A18900F89096 /* Debug */,
				30AACAE42801A18900F89096 /* Release */,
			);
			defaultConfigurationIsVisible = 0;
			defaultConfigurationName = Release;
		};
/* End XCConfigurationList section */

/* Begin XCRemoteSwiftPackageReference section */
		3084DDD22802F66400384911 /* XCRemoteSwiftPackageReference "Kingfisher" */ = {
			isa = XCRemoteSwiftPackageReference;
			repositoryURL = "https://github.com/onevcat/Kingfisher.git";
			requirement = {
				kind = upToNextMajorVersion;
				minimumVersion = 7.0.0;
			};
		};
/* End XCRemoteSwiftPackageReference section */

/* Begin XCSwiftPackageProductDependency section */
		3084DDD32802F66400384911 /* Kingfisher */ = {
			isa = XCSwiftPackageProductDependency;
			package = 3084DDD22802F66400384911 /* XCRemoteSwiftPackageReference "Kingfisher" */;
			productName = Kingfisher;
		};
/* End XCSwiftPackageProductDependency section */
	};
	rootObject = 30AACAAA2801A18900F89096 /* Project object */;
}
